// !$*UTF8*$!
{
	archiveVersion = 1;
	classes = {
	};
	objectVersion = 48;
	objects = {

/* Begin PBXBuildFile section */
		57BB61B82102981900187537 /* AppDelegate.swift in Sources */ = {isa = PBXBuildFile; fileRef = 57BB61B72102981900187537 /* AppDelegate.swift */; };
		57BB61BA2102981900187537 /* ViewController.swift in Sources */ = {isa = PBXBuildFile; fileRef = 57BB61B92102981900187537 /* ViewController.swift */; };
		57BB61BD2102981900187537 /* Main.storyboard in Resources */ = {isa = PBXBuildFile; fileRef = 57BB61BB2102981900187537 /* Main.storyboard */; };
		57BB61C02102981900187537 /* My_Games.xcdatamodeld in Sources */ = {isa = PBXBuildFile; fileRef = 57BB61BE2102981900187537 /* My_Games.xcdatamodeld */; };
		57BB61C22102981900187537 /* Assets.xcassets in Resources */ = {isa = PBXBuildFile; fileRef = 57BB61C12102981900187537 /* Assets.xcassets */; };
		57BB61C52102981900187537 /* LaunchScreen.storyboard in Resources */ = {isa = PBXBuildFile; fileRef = 57BB61C32102981900187537 /* LaunchScreen.storyboard */; };
/* End PBXBuildFile section */

/* Begin PBXFileReference section */
		57BB61B42102981900187537 /* My Games.app */ = {isa = PBXFileReference; explicitFileType = wrapper.application; includeInIndex = 0; path = "My Games.app"; sourceTree = BUILT_PRODUCTS_DIR; };
		57BB61B72102981900187537 /* AppDelegate.swift */ = {isa = PBXFileReference; lastKnownFileType = sourcecode.swift; path = AppDelegate.swift; sourceTree = "<group>"; };
		57BB61B92102981900187537 /* ViewController.swift */ = {isa = PBXFileReference; lastKnownFileType = sourcecode.swift; path = ViewController.swift; sourceTree = "<group>"; };
		57BB61BC2102981900187537 /* Base */ = {isa = PBXFileReference; lastKnownFileType = file.storyboard; name = Base; path = Base.lproj/Main.storyboard; sourceTree = "<group>"; };
		57BB61BF2102981900187537 /* My_Games.xcdatamodel */ = {isa = PBXFileReference; lastKnownFileType = wrapper.xcdatamodel; path = My_Games.xcdatamodel; sourceTree = "<group>"; };
		57BB61C12102981900187537 /* Assets.xcassets */ = {isa = PBXFileReference; lastKnownFileType = folder.assetcatalog; path = Assets.xcassets; sourceTree = "<group>"; };
		57BB61C42102981900187537 /* Base */ = {isa = PBXFileReference; lastKnownFileType = file.storyboard; name = Base; path = Base.lproj/LaunchScreen.storyboard; sourceTree = "<group>"; };
		57BB61C62102981900187537 /* Info.plist */ = {isa = PBXFileReference; lastKnownFileType = text.plist.xml; path = Info.plist; sourceTree = "<group>"; };
/* End PBXFileReference section */

/* Begin PBXFrameworksBuildPhase section */
		57BB61B12102981900187537 /* Frameworks */ = {
			isa = PBXFrameworksBuildPhase;
			buildActionMask = 2147483647;
			files = (
			);
			runOnlyForDeploymentPostprocessing = 0;
		};
/* End PBXFrameworksBuildPhase section */

/* Begin PBXGroup section */
		57BB61AB2102981900187537 = {
			isa = PBXGroup;
			children = (
				57BB61B62102981900187537 /* My Games */,
				57BB61B52102981900187537 /* Products */,
			);
			sourceTree = "<group>";
		};
		57BB61B52102981900187537 /* Products */ = {
			isa = PBXGroup;
			children = (
				57BB61B42102981900187537 /* My Games.app */,
			);
			name = Products;
			sourceTree = "<group>";
		};
		57BB61B62102981900187537 /* My Games */ = {
			isa = PBXGroup;
			children = (
				57BB61B72102981900187537 /* AppDelegate.swift */,
				57BB61CC2102995800187537 /* Controllers */,
				57BB61CD2102997F00187537 /* Views */,
				57BB61C12102981900187537 /* Assets.xcassets */,
				57BB61C62102981900187537 /* Info.plist */,
				57BB61BE2102981900187537 /* My_Games.xcdatamodeld */,
			);
			path = "My Games";
			sourceTree = "<group>";
		};
		57BB61CC2102995800187537 /* Controllers */ = {
			isa = PBXGroup;
			children = (
				57BB61B92102981900187537 /* ViewController.swift */,
			);
			path = Controllers;
			sourceTree = "<group>";
		};
		57BB61CD2102997F00187537 /* Views */ = {
			isa = PBXGroup;
			children = (
				57BB61BB2102981900187537 /* Main.storyboard */,
				57BB61C32102981900187537 /* LaunchScreen.storyboard */,
			);
			path = Views;
			sourceTree = "<group>";
		};
/* End PBXGroup section */

/* Begin PBXNativeTarget section */
		57BB61B32102981900187537 /* My Games */ = {
			isa = PBXNativeTarget;
			buildConfigurationList = 57BB61C92102981900187537 /* Build configuration list for PBXNativeTarget "My Games" */;
			buildPhases = (
				57BB61B02102981900187537 /* Sources */,
				57BB61B12102981900187537 /* Frameworks */,
				57BB61B22102981900187537 /* Resources */,
			);
			buildRules = (
			);
			dependencies = (
			);
			name = "My Games";
			productName = "My Games";
			productReference = 57BB61B42102981900187537 /* My Games.app */;
			productType = "com.apple.product-type.application";
		};
/* End PBXNativeTarget section */

/* Begin PBXProject section */
		57BB61AC2102981900187537 /* Project object */ = {
			isa = PBXProject;
			attributes = {
				LastSwiftUpdateCheck = 0900;
				LastUpgradeCheck = 0900;
				ORGANIZATIONNAME = "CESAR School";
				TargetAttributes = {
					57BB61B32102981900187537 = {
						CreatedOnToolsVersion = 9.0.1;
						ProvisioningStyle = Automatic;
					};
				};
			};
			buildConfigurationList = 57BB61AF2102981900187537 /* Build configuration list for PBXProject "My Games" */;
			compatibilityVersion = "Xcode 8.0";
			developmentRegion = en;
			hasScannedForEncodings = 0;
			knownRegions = (
				en,
				Base,
			);
			mainGroup = 57BB61AB2102981900187537;
			productRefGroup = 57BB61B52102981900187537 /* Products */;
			projectDirPath = "";
			projectRoot = "";
			targets = (
				57BB61B32102981900187537 /* My Games */,
			);
		};
/* End PBXProject section */

/* Begin PBXResourcesBuildPhase section */
		57BB61B22102981900187537 /* Resources */ = {
			isa = PBXResourcesBuildPhase;
			buildActionMask = 2147483647;
			files = (
				57BB61C52102981900187537 /* LaunchScreen.storyboard in Resources */,
				57BB61C22102981900187537 /* Assets.xcassets in Resources */,
				57BB61BD2102981900187537 /* Main.storyboard in Resources */,
			);
			runOnlyForDeploymentPostprocessing = 0;
		};
/* End PBXResourcesBuildPhase section */

/* Begin PBXSourcesBuildPhase section */
		57BB61B02102981900187537 /* Sources */ = {
			isa = PBXSourcesBuildPhase;
			buildActionMask = 2147483647;
			files = (
				57BB61C02102981900187537 /* My_Games.xcdatamodeld in Sources */,
				57BB61BA2102981900187537 /* ViewController.swift in Sources */,
				57BB61B82102981900187537 /* AppDelegate.swift in Sources */,
			);
			runOnlyForDeploymentPostprocessing = 0;
		};
/* End PBXSourcesBuildPhase section */

/* Begin PBXVariantGroup section */
		57BB61BB2102981900187537 /* Main.storyboard */ = {
			isa = PBXVariantGroup;
			children = (
				57BB61BC2102981900187537 /* Base */,
			);
			name = Main.storyboard;
			sourceTree = "<group>";
		};
		57BB61C32102981900187537 /* LaunchScreen.storyboard */ = {
			isa = PBXVariantGroup;
			children = (
				57BB61C42102981900187537 /* Base */,
			);
			name = LaunchScreen.storyboard;
			sourceTree = "<group>";
		};
/* End PBXVariantGroup section */

/* Begin XCBuildConfiguration section */
		57BB61C72102981900187537 /* Debug */ = {
			isa = XCBuildConfiguration;
			buildSettings = {
				ALWAYS_SEARCH_USER_PATHS = NO;
				CLANG_ANALYZER_NONNULL = YES;
				CLANG_ANALYZER_NUMBER_OBJECT_CONVERSION = YES_AGGRESSIVE;
				CLANG_CXX_LANGUAGE_STANDARD = "gnu++14";
				CLANG_CXX_LIBRARY = "libc++";
				CLANG_ENABLE_MODULES = YES;
				CLANG_ENABLE_OBJC_ARC = YES;
				CLANG_WARN_BLOCK_CAPTURE_AUTORELEASING = YES;
				CLANG_WARN_BOOL_CONVERSION = YES;
				CLANG_WARN_COMMA = YES;
				CLANG_WARN_CONSTANT_CONVERSION = YES;
				CLANG_WARN_DIRECT_OBJC_ISA_USAGE = YES_ERROR;
				CLANG_WARN_DOCUMENTATION_COMMENTS = YES;
				CLANG_WARN_EMPTY_BODY = YES;
				CLANG_WARN_ENUM_CONVERSION = YES;
				CLANG_WARN_INFINITE_RECURSION = YES;
				CLANG_WARN_INT_CONVERSION = YES;
				CLANG_WARN_NON_LITERAL_NULL_CONVERSION = YES;
				CLANG_WARN_OBJC_LITERAL_CONVERSION = YES;
				CLANG_WARN_OBJC_ROOT_CLASS = YES_ERROR;
				CLANG_WARN_RANGE_LOOP_ANALYSIS = YES;
				CLANG_WARN_STRICT_PROTOTYPES = YES;
				CLANG_WARN_SUSPICIOUS_MOVE = YES;
				CLANG_WARN_UNGUARDED_AVAILABILITY = YES_AGGRESSIVE;
				CLANG_WARN_UNREACHABLE_CODE = YES;
				CLANG_WARN__DUPLICATE_METHOD_MATCH = YES;
				CODE_SIGN_IDENTITY = "iPhone Developer";
				COPY_PHASE_STRIP = NO;
				DEBUG_INFORMATION_FORMAT = dwarf;
				ENABLE_STRICT_OBJC_MSGSEND = YES;
				ENABLE_TESTABILITY = YES;
				GCC_C_LANGUAGE_STANDARD = gnu11;
				GCC_DYNAMIC_NO_PIC = NO;
				GCC_NO_COMMON_BLOCKS = YES;
				GCC_OPTIMIZATION_LEVEL = 0;
				GCC_PREPROCESSOR_DEFINITIONS = (
					"DEBUG=1",
					"$(inherited)",
				);
				GCC_WARN_64_TO_32_BIT_CONVERSION = YES;
				GCC_WARN_ABOUT_RETURN_TYPE = YES_ERROR;
				GCC_WARN_UNDECLARED_SELECTOR = YES;
				GCC_WARN_UNINITIALIZED_AUTOS = YES_AGGRESSIVE;
				GCC_WARN_UNUSED_FUNCTION = YES;
				GCC_WARN_UNUSED_VARIABLE = YES;
				IPHONEOS_DEPLOYMENT_TARGET = 11.0;
				MTL_ENABLE_DEBUG_INFO = YES;
				ONLY_ACTIVE_ARCH = YES;
				SDKROOT = iphoneos;
				SWIFT_ACTIVE_COMPILATION_CONDITIONS = DEBUG;
				SWIFT_OPTIMIZATION_LEVEL = "-Onone";
			};
			name = Debug;
		};
		57BB61C82102981900187537 /* Release */ = {
			isa = XCBuildConfiguration;
			buildSettings = {
				ALWAYS_SEARCH_USER_PATHS = NO;
				CLANG_ANALYZER_NONNULL = YES;
				CLANG_ANALYZER_NUMBER_OBJECT_CONVERSION = YES_AGGRESSIVE;
				CLANG_CXX_LANGUAGE_STANDARD = "gnu++14";
				CLANG_CXX_LIBRARY = "libc++";
				CLANG_ENABLE_MODULES = YES;
				CLANG_ENABLE_OBJC_ARC = YES;
				CLANG_WARN_BLOCK_CAPTURE_AUTORELEASING = YES;
				CLANG_WARN_BOOL_CONVERSION = YES;
				CLANG_WARN_COMMA = YES;
				CLANG_WARN_CONSTANT_CONVERSION = YES;
				CLANG_WARN_DIRECT_OBJC_ISA_USAGE = YES_ERROR;
				CLANG_WARN_DOCUMENTATION_COMMENTS = YES;
				CLANG_WARN_EMPTY_BODY = YES;
				CLANG_WARN_ENUM_CONVERSION = YES;
				CLANG_WARN_INFINITE_RECURSION = YES;
				CLANG_WARN_INT_CONVERSION = YES;
				CLANG_WARN_NON_LITERAL_NULL_CONVERSION = YES;
				CLANG_WARN_OBJC_LITERAL_CONVERSION = YES;
				CLANG_WARN_OBJC_ROOT_CLASS = YES_ERROR;
				CLANG_WARN_RANGE_LOOP_ANALYSIS = YES;
				CLANG_WARN_STRICT_PROTOTYPES = YES;
				CLANG_WARN_SUSPICIOUS_MOVE = YES;
				CLANG_WARN_UNGUARDED_AVAILABILITY = YES_AGGRESSIVE;
				CLANG_WARN_UNREACHABLE_CODE = YES;
				CLANG_WARN__DUPLICATE_METHOD_MATCH = YES;
				CODE_SIGN_IDENTITY = "iPhone Developer";
				COPY_PHASE_STRIP = NO;
				DEBUG_INFORMATION_FORMAT = "dwarf-with-dsym";
				ENABLE_NS_ASSERTIONS = NO;
				ENABLE_STRICT_OBJC_MSGSEND = YES;
				GCC_C_LANGUAGE_STANDARD = gnu11;
				GCC_NO_COMMON_BLOCKS = YES;
				GCC_WARN_64_TO_32_BIT_CONVERSION = YES;
				GCC_WARN_ABOUT_RETURN_TYPE = YES_ERROR;
				GCC_WARN_UNDECLARED_SELECTOR = YES;
				GCC_WARN_UNINITIALIZED_AUTOS = YES_AGGRESSIVE;
				GCC_WARN_UNUSED_FUNCTION = YES;
				GCC_WARN_UNUSED_VARIABLE = YES;
				IPHONEOS_DEPLOYMENT_TARGET = 11.0;
				MTL_ENABLE_DEBUG_INFO = NO;
				SDKROOT = iphoneos;
				SWIFT_OPTIMIZATION_LEVEL = "-Owholemodule";
				VALIDATE_PRODUCT = YES;
			};
			name = Release;
		};
		57BB61CA2102981900187537 /* Debug */ = {
			isa = XCBuildConfiguration;
			buildSettings = {
				ASSETCATALOG_COMPILER_APPICON_NAME = AppIcon;
				CODE_SIGN_STYLE = Automatic;
				INFOPLIST_FILE = "My Games/Info.plist";
				IPHONEOS_DEPLOYMENT_TARGET = 11.0;
				LD_RUNPATH_SEARCH_PATHS = "$(inherited) @executable_path/Frameworks";
				PRODUCT_BUNDLE_IDENTIFIER = "com.liv.tigerrobocop.My-Games";
				PRODUCT_NAME = "$(TARGET_NAME)";
				SWIFT_VERSION = 4.0;
				TARGETED_DEVICE_FAMILY = "1,2";
			};
			name = Debug;
		};
		57BB61CB2102981900187537 /* Release */ = {
			isa = XCBuildConfiguration;
			buildSettings = {
				ASSETCATALOG_COMPILER_APPICON_NAME = AppIcon;
				CODE_SIGN_STYLE = Automatic;
				INFOPLIST_FILE = "My Games/Info.plist";
				IPHONEOS_DEPLOYMENT_TARGET = 11.0;
				LD_RUNPATH_SEARCH_PATHS = "$(inherited) @executable_path/Frameworks";
				PRODUCT_BUNDLE_IDENTIFIER = "com.liv.tigerrobocop.My-Games";
				PRODUCT_NAME = "$(TARGET_NAME)";
				SWIFT_VERSION = 4.0;
				TARGETED_DEVICE_FAMILY = "1,2";
			};
			name = Release;
		};
/* End XCBuildConfiguration section */

/* Begin XCConfigurationList section */
		57BB61AF2102981900187537 /* Build configuration list for PBXProject "My Games" */ = {
			isa = XCConfigurationList;
			buildConfigurations = (
				57BB61C72102981900187537 /* Debug */,
				57BB61C82102981900187537 /* Release */,
			);
			defaultConfigurationIsVisible = 0;
			defaultConfigurationName = Release;
		};
		57BB61C92102981900187537 /* Build configuration list for PBXNativeTarget "My Games" */ = {
			isa = XCConfigurationList;
			buildConfigurations = (
				57BB61CA2102981900187537 /* Debug */,
				57BB61CB2102981900187537 /* Release */,
			);
			defaultConfigurationIsVisible = 0;
			defaultConfigurationName = Release;
		};
/* End XCConfigurationList section */

/* Begin XCVersionGroup section */
		57BB61BE2102981900187537 /* My_Games.xcdatamodeld */ = {
			isa = XCVersionGroup;
			children = (
				57BB61BF2102981900187537 /* My_Games.xcdatamodel */,
			);
			currentVersion = 57BB61BF2102981900187537 /* My_Games.xcdatamodel */;
			path = My_Games.xcdatamodeld;
			sourceTree = "<group>";
			versionGroupType = wrapper.xcdatamodel;
		};
/* End XCVersionGroup section */
	};
	rootObject = 57BB61AC2102981900187537 /* Project object */;
}
